// !$*UTF8*$!
{
	archiveVersion = 1;
	classes = {
	};
	objectVersion = 77;
	objects = {

/* Begin PBXBuildFile section */
		03546A15F1A189A7F8418CFD /* mount.c in Sources */ = {isa = PBXBuildFile; fileRef = C741BE27F9BDB9CD9023EF4F /* mount.c */; };
		0BF178D86A3C666E8174EFB1 /* exit.c in Sources */ = {isa = PBXBuildFile; fileRef = 5885A2D3F39790AAC62634D5 /* exit.c */; };
		10B126B95667913F860EF403 /* namei.c in Sources */ = {isa = PBXBuildFile; fileRef = C391F80635EE5296CE8C8466 /* namei.c */; };
		17569519F7B7B56C5572BED6 /* path.c in Sources */ = {isa = PBXBuildFile; fileRef = 51D066274EE2D55E90787D9C /* path.c */; };
		1EFE002D356A2BC2DBE43F83 /* CredentialTests.m in Sources */ = {isa = PBXBuildFile; fileRef = EE40DEEE9D6E27C79FE49368 /* CredentialTests.m */; };
		23F96E17A5FB5F9FF02C47D1 /* ioctl.c in Sources */ = {isa = PBXBuildFile; fileRef = 43308FAA8FF808B4BF22777C /* ioctl.c */; };
		2726CA6EE9A60532D7C0705F /* FutexUAPICompileSmoke.c in Sources */ = {isa = PBXBuildFile; fileRef = DA8F8F9EFFB5FCE3BD87FAC2 /* FutexUAPICompileSmoke.c */; };
		29E1C2D21F213D5B2A063AFF /* ixland_observability.c in Sources */ = {isa = PBXBuildFile; fileRef = 666A5EE8B497170CF5C3223A /* ixland_observability.c */; };
		2EDB0D8B37216282DABEC526 /* RootfsBootstrapTests.m in Sources */ = {isa = PBXBuildFile; fileRef = 4683BA0EA109D1320BC09ACF /* RootfsBootstrapTests.m */; };
		3655BF1DA2D2D3DA3FAF986A /* time.c in Sources */ = {isa = PBXBuildFile; fileRef = F5240B1F3DC3BDF0ED535D3B /* time.c */; };
		398F68458C9177477A65A9EE /* LinuxUAPICompileSmoke.c in Sources */ = {isa = PBXBuildFile; fileRef = 84B7EE143A9CA194FD055CDA /* LinuxUAPICompileSmoke.c */; };
		412EF8D788799D420EF84B74 /* SignalTests.m in Sources */ = {isa = PBXBuildFile; fileRef = 667BE890D514BA87E4BDA1BF /* SignalTests.m */; };
		5773870A2156F8B6827EB2D5 /* network.c in Sources */ = {isa = PBXBuildFile; fileRef = CEC04AD14B572B960464124B /* network.c */; };
		578C4CB3E1760634134B9781 /* signal.c in Sources */ = {isa = PBXBuildFile; fileRef = 9935787E313CB1AD8A576244 /* signal.c */; };
		586F3641CE2CB13F63E94338 /* readdir.c in Sources */ = {isa = PBXBuildFile; fileRef = FE42C3F5F46C53309E18B1A6 /* readdir.c */; };
		58BB480674D62F4FEF77C217 /* random.c in Sources */ = {isa = PBXBuildFile; fileRef = 8BE7B6DDA1A833FE4A6C9194 /* random.c */; };
		59569118507BE08C500B612A /* libIXLandSystem.a in Frameworks */ = {isa = PBXBuildFile; fileRef = 5E96E95F0B83F5CC63E21913 /* libIXLandSystem.a */; };
		5B16289DBA72694756559233 /* registry.c in Sources */ = {isa = PBXBuildFile; fileRef = F4E2215C61CCAEFB06DDB4FC /* registry.c */; };
		5C2D26EAA916B6D9060B278B /* exec.c in Sources */ = {isa = PBXBuildFile; fileRef = F2D8077FB1F274E58E85378C /* exec.c */; };
		5D1AA08946E9CB8B3AFAE1C6 /* clock.c in Sources */ = {isa = PBXBuildFile; fileRef = FFC9C26D7F3E35F6398D0B73 /* clock.c */; };
		6643C6662AEDE42A70EA8F8C /* FutexTests.m in Sources */ = {isa = PBXBuildFile; fileRef = 5BA099AF8849390F2936F1B2 /* FutexTests.m */; };
		6B365831A4B17F03AE598CFF /* sys.c in Sources */ = {isa = PBXBuildFile; fileRef = CE4E5039272874EE6A5FFD11 /* sys.c */; };
		6DCCC30A9E2767FEAA8316D2 /* vfs.c in Sources */ = {isa = PBXBuildFile; fileRef = CC8A063128CC02CB6B938762 /* vfs.c */; };
		79618F2FA8335DFFB36D8EF5 /* super.c in Sources */ = {isa = PBXBuildFile; fileRef = 2117B106A13B76478FE5B3A1 /* super.c */; };
		87046F5302731769EFA41075 /* backing_paths.m in Sources */ = {isa = PBXBuildFile; fileRef = 5FD8D142EC818870892A041C /* backing_paths.m */; };
		87D87C4892661BFBEE659114 /* TaskGroupTests.m in Sources */ = {isa = PBXBuildFile; fileRef = BE8938EBBF4F9F0745C5A482 /* TaskGroupTests.m */; };
		8A81463107C3BC70B06B76A2 /* cred.c in Sources */ = {isa = PBXBuildFile; fileRef = 52402BAA17F7390A34354EB6 /* cred.c */; };
		92F197F28B8A006699CF4DF4 /* task.c in Sources */ = {isa = PBXBuildFile; fileRef = 1196E0E046C9D8486908FEF8 /* task.c */; };
		9543DF14BEC63791F071A8E3 /* VFSPathTests.m in Sources */ = {isa = PBXBuildFile; fileRef = 073C80D4D34F19B293799FD4 /* VFSPathTests.m */; };
		9F514956A3C3161C5CC61226 /* wait.c in Sources */ = {isa = PBXBuildFile; fileRef = 270F37A8D2223DAAD1C7A498 /* wait.c */; };
		9FB855340C8816E1983BB087 /* fork.c in Sources */ = {isa = PBXBuildFile; fileRef = 384371EDE185511D5F125C45 /* fork.c */; };
		A06EBEA81210393131BF1047 /* signal_bridge.c in Sources */ = {isa = PBXBuildFile; fileRef = 622D8101A658CE968663C95E /* signal_bridge.c */; };
		AC68F6A9576024FA180169A3 /* resource.c in Sources */ = {isa = PBXBuildFile; fileRef = 22ED4B4B7E8FD0A20DF3C3C5 /* resource.c */; };
		AEAB38B6EC299D3B7151819C /* init.c in Sources */ = {isa = PBXBuildFile; fileRef = F2D024F0973242458FE50E93 /* init.c */; };
		B703299D79C3E0410F45B651 /* stat.c in Sources */ = {isa = PBXBuildFile; fileRef = DB47AFBCA86B478A6F48BAE6 /* stat.c */; };
		BEC5162482C2CB89CBFBAA61 /* fdtable.c in Sources */ = {isa = PBXBuildFile; fileRef = 32C8785EC40C73B387D6237A /* fdtable.c */; };
		C4EB75804B7F62026355C226 /* eventpoll.c in Sources */ = {isa = PBXBuildFile; fileRef = D46E9099D1DEF53E9F6D3C41 /* eventpoll.c */; };
		CABBE0F9F7AB329F34E5E2AF /* open.c in Sources */ = {isa = PBXBuildFile; fileRef = 4E3BBA7476909DE92B9A8F8D /* open.c */; };
		CE1F6989C50EC538B9BEE187 /* wait.c in Sources */ = {isa = PBXBuildFile; fileRef = CC70547DB7E639309BAFA02D /* wait.c */; };
		D01F8EE6B1FF4C363A19D2AF /* inode.c in Sources */ = {isa = PBXBuildFile; fileRef = C0A71140476601A06FC988D7 /* inode.c */; };
		D2F1E40B82C0EB49D0B14FF8 /* backing_io.m in Sources */ = {isa = PBXBuildFile; fileRef = 85C6F04780BEA9F2AA85D0E4 /* backing_io.m */; };
		D7962EC64A09FB688BF2714B /* backing_io.h in CopyFiles */ = {isa = PBXBuildFile; fileRef = DC6020ECDA4585334611FE7D /* backing_io.h */; };
		D9E9A4ADF886F41734FE3DF1 /* fcntl.c in Sources */ = {isa = PBXBuildFile; fileRef = 177E646BFF798AE08CBEE284 /* fcntl.c */; };
		E48B8CCAE1CBE2334B10B819 /* read_write.c in Sources */ = {isa = PBXBuildFile; fileRef = D979F989EC0D2FF286D59733 /* read_write.c */; };
		E6EBC6D734546A272FB292D1 /* pid.c in Sources */ = {isa = PBXBuildFile; fileRef = 4D57509F341C9895C6F7163B /* pid.c */; };
		FFE759728F7B2EC121F2D215 /* sync.c in Sources */ = {isa = PBXBuildFile; fileRef = 5D494D6F83176E636A70E6FF /* sync.c */; };
/* End PBXBuildFile section */

/* Begin PBXContainerItemProxy section */
		94A9CD3554679B78F387ACD8 /* PBXContainerItemProxy */ = {
			isa = PBXContainerItemProxy;
			containerPortal = 12D2D3AB997ABD7C800C24E4 /* Project object */;
			proxyType = 1;
			remoteGlobalIDString = C26651269CFE27B76EFA7EB2;
			remoteInfo = IXLandSystem;
		};
/* End PBXContainerItemProxy section */

/* Begin PBXCopyFilesBuildPhase section */
		E7F9A1262E08E32A45305DF5 /* CopyFiles */ = {
			isa = PBXCopyFilesBuildPhase;
			buildActionMask = 2147483647;
			dstPath = "include/$(PRODUCT_NAME)";
			dstSubfolderSpec = 16;
			files = (
				D7962EC64A09FB688BF2714B /* backing_io.h in CopyFiles */,
			);
			runOnlyForDeploymentPostprocessing = 0;
		};
/* End PBXCopyFilesBuildPhase section */

/* Begin PBXFileReference section */
		073C80D4D34F19B293799FD4 /* VFSPathTests.m */ = {isa = PBXFileReference; lastKnownFileType = sourcecode.c.objc; path = VFSPathTests.m; sourceTree = "<group>"; };
		1196E0E046C9D8486908FEF8 /* task.c */ = {isa = PBXFileReference; lastKnownFileType = sourcecode.c.c; path = task.c; sourceTree = "<group>"; };
		177E646BFF798AE08CBEE284 /* fcntl.c */ = {isa = PBXFileReference; lastKnownFileType = sourcecode.c.c; path = fcntl.c; sourceTree = "<group>"; };
		2117B106A13B76478FE5B3A1 /* super.c */ = {isa = PBXFileReference; lastKnownFileType = sourcecode.c.c; path = super.c; sourceTree = "<group>"; };
		22ED4B4B7E8FD0A20DF3C3C5 /* resource.c */ = {isa = PBXFileReference; lastKnownFileType = sourcecode.c.c; path = resource.c; sourceTree = "<group>"; };
		270F37A8D2223DAAD1C7A498 /* wait.c */ = {isa = PBXFileReference; lastKnownFileType = sourcecode.c.c; path = wait.c; sourceTree = "<group>"; };
		32C8785EC40C73B387D6237A /* fdtable.c */ = {isa = PBXFileReference; lastKnownFileType = sourcecode.c.c; path = fdtable.c; sourceTree = "<group>"; };
		384371EDE185511D5F125C45 /* fork.c */ = {isa = PBXFileReference; lastKnownFileType = sourcecode.c.c; path = fork.c; sourceTree = "<group>"; };
		43308FAA8FF808B4BF22777C /* ioctl.c */ = {isa = PBXFileReference; lastKnownFileType = sourcecode.c.c; path = ioctl.c; sourceTree = "<group>"; };
		4683BA0EA109D1320BC09ACF /* RootfsBootstrapTests.m */ = {isa = PBXFileReference; lastKnownFileType = sourcecode.c.objc; path = RootfsBootstrapTests.m; sourceTree = "<group>"; };
		4D57509F341C9895C6F7163B /* pid.c */ = {isa = PBXFileReference; lastKnownFileType = sourcecode.c.c; path = pid.c; sourceTree = "<group>"; };
		4E3BBA7476909DE92B9A8F8D /* open.c */ = {isa = PBXFileReference; lastKnownFileType = sourcecode.c.c; path = open.c; sourceTree = "<group>"; };
		51D066274EE2D55E90787D9C /* path.c */ = {isa = PBXFileReference; lastKnownFileType = sourcecode.c.c; path = path.c; sourceTree = "<group>"; };
		52402BAA17F7390A34354EB6 /* cred.c */ = {isa = PBXFileReference; lastKnownFileType = sourcecode.c.c; path = cred.c; sourceTree = "<group>"; };
		5885A2D3F39790AAC62634D5 /* exit.c */ = {isa = PBXFileReference; lastKnownFileType = sourcecode.c.c; path = exit.c; sourceTree = "<group>"; };
		5BA099AF8849390F2936F1B2 /* FutexTests.m */ = {isa = PBXFileReference; lastKnownFileType = sourcecode.c.objc; path = FutexTests.m; sourceTree = "<group>"; };
		5D494D6F83176E636A70E6FF /* sync.c */ = {isa = PBXFileReference; lastKnownFileType = sourcecode.c.c; path = sync.c; sourceTree = "<group>"; };
		5E96E95F0B83F5CC63E21913 /* libIXLandSystem.a */ = {isa = PBXFileReference; includeInIndex = 0; lastKnownFileType = archive.ar; path = libIXLandSystem.a; sourceTree = BUILT_PRODUCTS_DIR; };
		5FD8D142EC818870892A041C /* backing_paths.m */ = {isa = PBXFileReference; lastKnownFileType = sourcecode.c.objc; path = backing_paths.m; sourceTree = "<group>"; };
		622D8101A658CE968663C95E /* signal_bridge.c */ = {isa = PBXFileReference; lastKnownFileType = sourcecode.c.c; path = signal_bridge.c; sourceTree = "<group>"; };
		666A5EE8B497170CF5C3223A /* ixland_observability.c */ = {isa = PBXFileReference; lastKnownFileType = sourcecode.c.c; path = ixland_observability.c; sourceTree = "<group>"; };
		667BE890D514BA87E4BDA1BF /* SignalTests.m */ = {isa = PBXFileReference; lastKnownFileType = sourcecode.c.objc; path = SignalTests.m; sourceTree = "<group>"; };
		6B4BAC7DF63019526114D741 /* IXLandSystemTests.xctest */ = {isa = PBXFileReference; includeInIndex = 0; lastKnownFileType = wrapper.cfbundle; path = IXLandSystemTests.xctest; sourceTree = BUILT_PRODUCTS_DIR; };
		84B7EE143A9CA194FD055CDA /* LinuxUAPICompileSmoke.c */ = {isa = PBXFileReference; lastKnownFileType = sourcecode.c.c; path = LinuxUAPICompileSmoke.c; sourceTree = "<group>"; };
		85C6F04780BEA9F2AA85D0E4 /* backing_io.m */ = {isa = PBXFileReference; lastKnownFileType = sourcecode.c.objc; path = backing_io.m; sourceTree = "<group>"; };
		8BE7B6DDA1A833FE4A6C9194 /* random.c */ = {isa = PBXFileReference; lastKnownFileType = sourcecode.c.c; path = random.c; sourceTree = "<group>"; };
		9935787E313CB1AD8A576244 /* signal.c */ = {isa = PBXFileReference; lastKnownFileType = sourcecode.c.c; path = signal.c; sourceTree = "<group>"; };
		BE8938EBBF4F9F0745C5A482 /* TaskGroupTests.m */ = {isa = PBXFileReference; lastKnownFileType = sourcecode.c.objc; path = TaskGroupTests.m; sourceTree = "<group>"; };
		C0A71140476601A06FC988D7 /* inode.c */ = {isa = PBXFileReference; lastKnownFileType = sourcecode.c.c; path = inode.c; sourceTree = "<group>"; };
		C391F80635EE5296CE8C8466 /* namei.c */ = {isa = PBXFileReference; lastKnownFileType = sourcecode.c.c; path = namei.c; sourceTree = "<group>"; };
		C741BE27F9BDB9CD9023EF4F /* mount.c */ = {isa = PBXFileReference; lastKnownFileType = sourcecode.c.c; path = mount.c; sourceTree = "<group>"; };
		CC70547DB7E639309BAFA02D /* wait.c */ = {isa = PBXFileReference; lastKnownFileType = sourcecode.c.c; path = wait.c; sourceTree = "<group>"; };
		CC8A063128CC02CB6B938762 /* vfs.c */ = {isa = PBXFileReference; lastKnownFileType = sourcecode.c.c; path = vfs.c; sourceTree = "<group>"; };
		CE4E5039272874EE6A5FFD11 /* sys.c */ = {isa = PBXFileReference; lastKnownFileType = sourcecode.c.c; path = sys.c; sourceTree = "<group>"; };
		CEC04AD14B572B960464124B /* network.c */ = {isa = PBXFileReference; lastKnownFileType = sourcecode.c.c; path = network.c; sourceTree = "<group>"; };
		D46E9099D1DEF53E9F6D3C41 /* eventpoll.c */ = {isa = PBXFileReference; lastKnownFileType = sourcecode.c.c; path = eventpoll.c; sourceTree = "<group>"; };
		D979F989EC0D2FF286D59733 /* read_write.c */ = {isa = PBXFileReference; lastKnownFileType = sourcecode.c.c; path = read_write.c; sourceTree = "<group>"; };
		DA8F8F9EFFB5FCE3BD87FAC2 /* FutexUAPICompileSmoke.c */ = {isa = PBXFileReference; lastKnownFileType = sourcecode.c.c; path = FutexUAPICompileSmoke.c; sourceTree = "<group>"; };
		DB47AFBCA86B478A6F48BAE6 /* stat.c */ = {isa = PBXFileReference; lastKnownFileType = sourcecode.c.c; path = stat.c; sourceTree = "<group>"; };
		DC6020ECDA4585334611FE7D /* backing_io.h */ = {isa = PBXFileReference; lastKnownFileType = sourcecode.c.h; path = backing_io.h; sourceTree = "<group>"; };
		EE40DEEE9D6E27C79FE49368 /* CredentialTests.m */ = {isa = PBXFileReference; lastKnownFileType = sourcecode.c.objc; path = CredentialTests.m; sourceTree = "<group>"; };
		F2D024F0973242458FE50E93 /* init.c */ = {isa = PBXFileReference; lastKnownFileType = sourcecode.c.c; path = init.c; sourceTree = "<group>"; };
		F2D8077FB1F274E58E85378C /* exec.c */ = {isa = PBXFileReference; lastKnownFileType = sourcecode.c.c; path = exec.c; sourceTree = "<group>"; };
		F4E2215C61CCAEFB06DDB4FC /* registry.c */ = {isa = PBXFileReference; lastKnownFileType = sourcecode.c.c; path = registry.c; sourceTree = "<group>"; };
		F5240B1F3DC3BDF0ED535D3B /* time.c */ = {isa = PBXFileReference; lastKnownFileType = sourcecode.c.c; path = time.c; sourceTree = "<group>"; };
		FE42C3F5F46C53309E18B1A6 /* readdir.c */ = {isa = PBXFileReference; lastKnownFileType = sourcecode.c.c; path = readdir.c; sourceTree = "<group>"; };
		FFC9C26D7F3E35F6398D0B73 /* clock.c */ = {isa = PBXFileReference; lastKnownFileType = sourcecode.c.c; path = clock.c; sourceTree = "<group>"; };
/* End PBXFileReference section */

/* Begin PBXFrameworksBuildPhase section */
		52E5AAAF2CDE0DF7A84392CB /* Frameworks */ = {
			isa = PBXFrameworksBuildPhase;
			buildActionMask = 2147483647;
			files = (
				59569118507BE08C500B612A /* libIXLandSystem.a in Frameworks */,
			);
			runOnlyForDeploymentPostprocessing = 0;
		};
/* End PBXFrameworksBuildPhase section */

/* Begin PBXGroup section */
		07E912843116C794E88C94A1 /* arch */ = {
			isa = PBXGroup;
			children = (
				35B70C3F96F60B98DDF11D0E /* darwin */,
			);
			path = arch;
			sourceTree = "<group>";
		};
		138EFB3277165F34A8C9DA96 /* Products */ = {
			isa = PBXGroup;
			children = (
				6B4BAC7DF63019526114D741 /* IXLandSystemTests.xctest */,
				5E96E95F0B83F5CC63E21913 /* libIXLandSystem.a */,
			);
			name = Products;
			sourceTree = "<group>";
		};
		24A0610FFD0A4375F30129DC /* native */ = {
			isa = PBXGroup;
			children = (
				F4E2215C61CCAEFB06DDB4FC /* registry.c */,
			);
			path = native;
			sourceTree = "<group>";
		};
		2B860379C764168836518D61 /* IXLandSystemTests */ = {
			isa = PBXGroup;
			children = (
				EE40DEEE9D6E27C79FE49368 /* CredentialTests.m */,
				5BA099AF8849390F2936F1B2 /* FutexTests.m */,
				DA8F8F9EFFB5FCE3BD87FAC2 /* FutexUAPICompileSmoke.c */,
				84B7EE143A9CA194FD055CDA /* LinuxUAPICompileSmoke.c */,
				4683BA0EA109D1320BC09ACF /* RootfsBootstrapTests.m */,
				667BE890D514BA87E4BDA1BF /* SignalTests.m */,
				BE8938EBBF4F9F0745C5A482 /* TaskGroupTests.m */,
				073C80D4D34F19B293799FD4 /* VFSPathTests.m */,
			);
			path = IXLandSystemTests;
			sourceTree = "<group>";
		};
		2DD7067B6CD7C7431532844A /* fs */ = {
			isa = PBXGroup;
			children = (
				DC6020ECDA4585334611FE7D /* backing_io.h */,
				85C6F04780BEA9F2AA85D0E4 /* backing_io.m */,
				5FD8D142EC818870892A041C /* backing_paths.m */,
				CC70547DB7E639309BAFA02D /* wait.c */,
			);
			path = fs;
			sourceTree = "<group>";
		};
		314EC764B9F768919129416A /* fs */ = {
			isa = PBXGroup;
			children = (
				D46E9099D1DEF53E9F6D3C41 /* eventpoll.c */,
				F2D8077FB1F274E58E85378C /* exec.c */,
				177E646BFF798AE08CBEE284 /* fcntl.c */,
				32C8785EC40C73B387D6237A /* fdtable.c */,
				C0A71140476601A06FC988D7 /* inode.c */,
				43308FAA8FF808B4BF22777C /* ioctl.c */,
				C741BE27F9BDB9CD9023EF4F /* mount.c */,
				C391F80635EE5296CE8C8466 /* namei.c */,
				4E3BBA7476909DE92B9A8F8D /* open.c */,
				51D066274EE2D55E90787D9C /* path.c */,
				D979F989EC0D2FF286D59733 /* read_write.c */,
				FE42C3F5F46C53309E18B1A6 /* readdir.c */,
				DB47AFBCA86B478A6F48BAE6 /* stat.c */,
				2117B106A13B76478FE5B3A1 /* super.c */,
				CC8A063128CC02CB6B938762 /* vfs.c */,
			);
			path = fs;
			sourceTree = "<group>";
		};
		35B70C3F96F60B98DDF11D0E /* darwin */ = {
			isa = PBXGroup;
			children = (
				622D8101A658CE968663C95E /* signal_bridge.c */,
			);
			path = darwin;
			sourceTree = "<group>";
		};
		46418D3ACBD148CE61A26986 /* ios */ = {
			isa = PBXGroup;
			children = (
				2DD7067B6CD7C7431532844A /* fs */,
				72D41D0AD4648ABDD54FD418 /* kernel */,
			);
			path = ios;
			sourceTree = "<group>";
		};
		4B14438707DE5241F1ED4125 /* runtime */ = {
			isa = PBXGroup;
			children = (
				24A0610FFD0A4375F30129DC /* native */,
			);
			path = runtime;
			sourceTree = "<group>";
		};
		6A94CDCB0031F846B494F26D /* observability */ = {
			isa = PBXGroup;
			children = (
				666A5EE8B497170CF5C3223A /* ixland_observability.c */,
			);
			path = observability;
			sourceTree = "<group>";
		};
		72D41D0AD4648ABDD54FD418 /* kernel */ = {
			isa = PBXGroup;
			children = (
				FFC9C26D7F3E35F6398D0B73 /* clock.c */,
			);
			path = kernel;
			sourceTree = "<group>";
		};
		CA7D39C4CD3F9CDCD5E9ABA5 /* internal */ = {
			isa = PBXGroup;
			children = (
				46418D3ACBD148CE61A26986 /* ios */,
			);
			path = internal;
			sourceTree = "<group>";
		};
		F20B53E8B2675567C7E843BC = {
			isa = PBXGroup;
			children = (
				07E912843116C794E88C94A1 /* arch */,
				314EC764B9F768919129416A /* fs */,
				CA7D39C4CD3F9CDCD5E9ABA5 /* internal */,
				2B860379C764168836518D61 /* IXLandSystemTests */,
				F8CCC0A1730EF28F1B056A94 /* kernel */,
				6A94CDCB0031F846B494F26D /* observability */,
				4B14438707DE5241F1ED4125 /* runtime */,
				138EFB3277165F34A8C9DA96 /* Products */,
			);
			sourceTree = "<group>";
		};
		F8290E2DDE1DDF71715AD5D7 /* net */ = {
			isa = PBXGroup;
			children = (
				CEC04AD14B572B960464124B /* network.c */,
			);
			path = net;
			sourceTree = "<group>";
		};
		F8CCC0A1730EF28F1B056A94 /* kernel */ = {
			isa = PBXGroup;
			children = (
				52402BAA17F7390A34354EB6 /* cred.c */,
				5885A2D3F39790AAC62634D5 /* exit.c */,
				384371EDE185511D5F125C45 /* fork.c */,
				F2D024F0973242458FE50E93 /* init.c */,
				4D57509F341C9895C6F7163B /* pid.c */,
				8BE7B6DDA1A833FE4A6C9194 /* random.c */,
				22ED4B4B7E8FD0A20DF3C3C5 /* resource.c */,
				9935787E313CB1AD8A576244 /* signal.c */,
				5D494D6F83176E636A70E6FF /* sync.c */,
				CE4E5039272874EE6A5FFD11 /* sys.c */,
				1196E0E046C9D8486908FEF8 /* task.c */,
				F5240B1F3DC3BDF0ED535D3B /* time.c */,
				270F37A8D2223DAAD1C7A498 /* wait.c */,
				F8290E2DDE1DDF71715AD5D7 /* net */,
			);
			path = kernel;
			sourceTree = "<group>";
		};
/* End PBXGroup section */

/* Begin PBXNativeTarget section */
		086555C039F1E70449247247 /* IXLandSystemTests */ = {
			isa = PBXNativeTarget;
			buildConfigurationList = FC4877AB9AB34AB7AF0E5779 /* Build configuration list for PBXNativeTarget "IXLandSystemTests" */;
			buildPhases = (
				EBAF11A402CD3FB83263B438 /* Sources */,
				52E5AAAF2CDE0DF7A84392CB /* Frameworks */,
			);
			buildRules = (
			);
			dependencies = (
				FC299EBAB21A567F411E4EBD /* PBXTargetDependency */,
			);
			name = IXLandSystemTests;
			packageProductDependencies = (
			);
			productName = IXLandSystemTests;
			productReference = 6B4BAC7DF63019526114D741 /* IXLandSystemTests.xctest */;
			productType = "com.apple.product-type.bundle.unit-test";
		};
		C26651269CFE27B76EFA7EB2 /* IXLandSystem */ = {
			isa = PBXNativeTarget;
			buildConfigurationList = 2F4CB6EAA29F69C9F3FE2CB9 /* Build configuration list for PBXNativeTarget "IXLandSystem" */;
			buildPhases = (
				E7F9A1262E08E32A45305DF5 /* CopyFiles */,
				A8D22F3976B023F7AF349CA6 /* Sources */,
			);
			buildRules = (
			);
			dependencies = (
			);
			name = IXLandSystem;
			packageProductDependencies = (
			);
			productName = IXLandSystem;
			productReference = 5E96E95F0B83F5CC63E21913 /* libIXLandSystem.a */;
			productType = "com.apple.product-type.library.static";
		};
/* End PBXNativeTarget section */

/* Begin PBXProject section */
		12D2D3AB997ABD7C800C24E4 /* Project object */ = {
			isa = PBXProject;
			attributes = {
				BuildIndependentTargetsInParallel = YES;
				LastUpgradeCheck = 1430;
				TargetAttributes = {
				};
			};
			buildConfigurationList = 7405FF56E9DC91265694966A /* Build configuration list for PBXProject "IXLandSystem" */;
			developmentRegion = en;
			hasScannedForEncodings = 0;
			knownRegions = (
				Base,
				en,
			);
			mainGroup = F20B53E8B2675567C7E843BC;
			minimizedProjectReferenceProxies = 1;
			preferredProjectObjectVersion = 77;
			productRefGroup = 138EFB3277165F34A8C9DA96 /* Products */;
			projectDirPath = "";
			projectRoot = "";
			targets = (
				C26651269CFE27B76EFA7EB2 /* IXLandSystem */,
				086555C039F1E70449247247 /* IXLandSystemTests */,
			);
		};
/* End PBXProject section */

/* Begin PBXSourcesBuildPhase section */
		A8D22F3976B023F7AF349CA6 /* Sources */ = {
			isa = PBXSourcesBuildPhase;
			buildActionMask = 2147483647;
			files = (
				D2F1E40B82C0EB49D0B14FF8 /* backing_io.m in Sources */,
				87046F5302731769EFA41075 /* backing_paths.m in Sources */,
				5D1AA08946E9CB8B3AFAE1C6 /* clock.c in Sources */,
				8A81463107C3BC70B06B76A2 /* cred.c in Sources */,
				C4EB75804B7F62026355C226 /* eventpoll.c in Sources */,
				5C2D26EAA916B6D9060B278B /* exec.c in Sources */,
				0BF178D86A3C666E8174EFB1 /* exit.c in Sources */,
				D9E9A4ADF886F41734FE3DF1 /* fcntl.c in Sources */,
				BEC5162482C2CB89CBFBAA61 /* fdtable.c in Sources */,
				9FB855340C8816E1983BB087 /* fork.c in Sources */,
				AEAB38B6EC299D3B7151819C /* init.c in Sources */,
				D01F8EE6B1FF4C363A19D2AF /* inode.c in Sources */,
				23F96E17A5FB5F9FF02C47D1 /* ioctl.c in Sources */,
				29E1C2D21F213D5B2A063AFF /* ixland_observability.c in Sources */,
				03546A15F1A189A7F8418CFD /* mount.c in Sources */,
				10B126B95667913F860EF403 /* namei.c in Sources */,
				5773870A2156F8B6827EB2D5 /* network.c in Sources */,
				CABBE0F9F7AB329F34E5E2AF /* open.c in Sources */,
				17569519F7B7B56C5572BED6 /* path.c in Sources */,
				E6EBC6D734546A272FB292D1 /* pid.c in Sources */,
				58BB480674D62F4FEF77C217 /* random.c in Sources */,
				E48B8CCAE1CBE2334B10B819 /* read_write.c in Sources */,
				586F3641CE2CB13F63E94338 /* readdir.c in Sources */,
				5B16289DBA72694756559233 /* registry.c in Sources */,
				AC68F6A9576024FA180169A3 /* resource.c in Sources */,
				578C4CB3E1760634134B9781 /* signal.c in Sources */,
				A06EBEA81210393131BF1047 /* signal_bridge.c in Sources */,
				B703299D79C3E0410F45B651 /* stat.c in Sources */,
				79618F2FA8335DFFB36D8EF5 /* super.c in Sources */,
				FFE759728F7B2EC121F2D215 /* sync.c in Sources */,
				6B365831A4B17F03AE598CFF /* sys.c in Sources */,
				92F197F28B8A006699CF4DF4 /* task.c in Sources */,
				3655BF1DA2D2D3DA3FAF986A /* time.c in Sources */,
				6DCCC30A9E2767FEAA8316D2 /* vfs.c in Sources */,
				CE1F6989C50EC538B9BEE187 /* wait.c in Sources */,
				9F514956A3C3161C5CC61226 /* wait.c in Sources */,
			);
			runOnlyForDeploymentPostprocessing = 0;
		};
		EBAF11A402CD3FB83263B438 /* Sources */ = {
			isa = PBXSourcesBuildPhase;
			buildActionMask = 2147483647;
			files = (
				1EFE002D356A2BC2DBE43F83 /* CredentialTests.m in Sources */,
				6643C6662AEDE42A70EA8F8C /* FutexTests.m in Sources */,
				2726CA6EE9A60532D7C0705F /* FutexUAPICompileSmoke.c in Sources */,
				398F68458C9177477A65A9EE /* LinuxUAPICompileSmoke.c in Sources */,
				2EDB0D8B37216282DABEC526 /* RootfsBootstrapTests.m in Sources */,
				412EF8D788799D420EF84B74 /* SignalTests.m in Sources */,
				87D87C4892661BFBEE659114 /* TaskGroupTests.m in Sources */,
				9543DF14BEC63791F071A8E3 /* VFSPathTests.m in Sources */,
			);
			runOnlyForDeploymentPostprocessing = 0;
		};
/* End PBXSourcesBuildPhase section */

/* Begin PBXTargetDependency section */
		FC299EBAB21A567F411E4EBD /* PBXTargetDependency */ = {
			isa = PBXTargetDependency;
			target = C26651269CFE27B76EFA7EB2 /* IXLandSystem */;
			targetProxy = 94A9CD3554679B78F387ACD8 /* PBXContainerItemProxy */;
		};
/* End PBXTargetDependency section */

/* Begin XCBuildConfiguration section */
		15FD8CEE5DF62E2C1AA411C7 /* Release */ = {
			isa = XCBuildConfiguration;
			buildSettings = {
				CLANG_ENABLE_OBJC_ARC = YES;
				CLANG_WARN_DOCUMENTATION_COMMENTS = YES;
				GCC_PREPROCESSOR_DEFINITIONS = (
					_XOPEN_SOURCE,
				);
				HEADER_SEARCH_PATHS = (
					"$(LINUX_UAPI_INCLUDE_ROOT)",
					"$(SRCROOT)/include",
					"$(SRCROOT)",
				);
				LD_RUNPATH_SEARCH_PATHS = (
					"$(inherited)",
					"@executable_path/Frameworks",
				);
				OTHER_CFLAGS = (
					"-fvisibility=hidden",
				);
				SDKROOT = iphoneos;
				SKIP_INSTALL = YES;
				TARGETED_DEVICE_FAMILY = "1,2";
			};
			name = Release;
		};
		28B5D5F38CCFAC1208E671A1 /* Release */ = {
			isa = XCBuildConfiguration;
			buildSettings = {
				ALWAYS_SEARCH_USER_PATHS = NO;
				CLANG_ANALYZER_NONNULL = YES;
				CLANG_ANALYZER_NUMBER_OBJECT_CONVERSION = YES_AGGRESSIVE;
				CLANG_CXX_LANGUAGE_STANDARD = "gnu++14";
				CLANG_CXX_LIBRARY = "libc++";
				CLANG_ENABLE_MODULES = YES;
				CLANG_ENABLE_OBJC_ARC = YES;
				CLANG_ENABLE_OBJC_WEAK = YES;
				CLANG_WARN_BLOCK_CAPTURE_AUTORELEASING = YES;
				CLANG_WARN_BOOL_CONVERSION = YES;
				CLANG_WARN_COMMA = YES;
				CLANG_WARN_CONSTANT_CONVERSION = YES;
				CLANG_WARN_DEPRECATED_OBJC_IMPLEMENTATIONS = YES;
				CLANG_WARN_DIRECT_OBJC_ISA_USAGE = YES_ERROR;
				CLANG_WARN_DOCUMENTATION_COMMENTS = YES;
				CLANG_WARN_EMPTY_BODY = YES;
				CLANG_WARN_ENUM_CONVERSION = YES;
				CLANG_WARN_INFINITE_RECURSION = YES;
				CLANG_WARN_INT_CONVERSION = YES;
				CLANG_WARN_NON_LITERAL_NULL_CONVERSION = YES;
				CLANG_WARN_OBJC_IMPLICIT_RETAIN_SELF = YES;
				CLANG_WARN_OBJC_LITERAL_CONVERSION = YES;
				CLANG_WARN_OBJC_ROOT_CLASS = YES_ERROR;
				CLANG_WARN_QUOTED_INCLUDE_IN_FRAMEWORK_HEADER = YES;
				CLANG_WARN_RANGE_LOOP_ANALYSIS = YES;
				CLANG_WARN_STRICT_PROTOTYPES = YES;
				CLANG_WARN_SUSPICIOUS_MOVE = YES;
				CLANG_WARN_UNGUARDED_AVAILABILITY = YES_AGGRESSIVE;
				CLANG_WARN_UNREACHABLE_CODE = YES;
				CLANG_WARN__DUPLICATE_METHOD_MATCH = YES;
				COPY_PHASE_STRIP = NO;
				DEBUG_INFORMATION_FORMAT = "dwarf-with-dsym";
				ENABLE_NS_ASSERTIONS = NO;
				ENABLE_STRICT_OBJC_MSGSEND = YES;
				GCC_C_LANGUAGE_STANDARD = gnu11;
				GCC_NO_COMMON_BLOCKS = YES;
				GCC_TREAT_WARNINGS_AS_ERRORS = YES;
				GCC_WARN_64_TO_32_BIT_CONVERSION = YES;
				GCC_WARN_ABOUT_RETURN_TYPE = YES_ERROR;
				GCC_WARN_UNDECLARED_SELECTOR = YES;
				GCC_WARN_UNINITIALIZED_AUTOS = YES_AGGRESSIVE;
				GCC_WARN_UNUSED_FUNCTION = YES;
				GCC_WARN_UNUSED_VARIABLE = YES;
				LINUX_UAPI_ARCH = arm64;
				LINUX_UAPI_INCLUDE_ROOT = "$(LINUX_UAPI_ROOT)/include";
				LINUX_UAPI_ROOT = "$(LINUX_UAPI_VENDOR_ROOT)/$(LINUX_UAPI_VERSION)/$(LINUX_UAPI_ARCH)";
				LINUX_UAPI_VENDOR_ROOT = "$(SRCROOT)/third_party/linux-uapi";
				LINUX_UAPI_VERSION = 6.12;
				MTL_ENABLE_DEBUG_INFO = NO;
				MTL_FAST_MATH = YES;
				PRODUCT_NAME = "$(TARGET_NAME)";
				SDKROOT = iphoneos;
				SWIFT_COMPILATION_MODE = wholemodule;
				SWIFT_OPTIMIZATION_LEVEL = "-O";
				SWIFT_TREAT_WARNINGS_AS_ERRORS = YES;
				SWIFT_VERSION = 5.0;
			};
			name = Release;
		};
		871FC3A2F0E252AA74B0FF39 /* Release */ = {
			isa = XCBuildConfiguration;
			buildSettings = {
				BUNDLE_LOADER = "";
				GENERATE_INFOPLIST_FILE = YES;
				HEADER_SEARCH_PATHS = (
					"$(LINUX_UAPI_INCLUDE_ROOT)",
					"$(SRCROOT)/include",
					"$(SRCROOT)",
				);
				LD_RUNPATH_SEARCH_PATHS = (
					"$(inherited)",
					"@executable_path/Frameworks",
					"@loader_path/Frameworks",
				);
				OTHER_LDFLAGS = (
					"$(inherited)",
					"-ObjC",
				);
				SDKROOT = iphoneos;
				TARGETED_DEVICE_FAMILY = "1,2";
			};
			name = Release;
		};
		D84B55AF4BD333D1E4CBCFFB /* Debug */ = {
			isa = XCBuildConfiguration;
			buildSettings = {
				CLANG_ENABLE_OBJC_ARC = YES;
				CLANG_WARN_DOCUMENTATION_COMMENTS = YES;
				GCC_PREPROCESSOR_DEFINITIONS = (
					_XOPEN_SOURCE,
				);
				HEADER_SEARCH_PATHS = (
					"$(LINUX_UAPI_INCLUDE_ROOT)",
					"$(SRCROOT)/include",
					"$(SRCROOT)",
				);
				LD_RUNPATH_SEARCH_PATHS = (
					"$(inherited)",
					"@executable_path/Frameworks",
				);
				OTHER_CFLAGS = (
					"-fvisibility=hidden",
				);
				SDKROOT = iphoneos;
				SKIP_INSTALL = YES;
				TARGETED_DEVICE_FAMILY = "1,2";
			};
			name = Debug;
		};
		DC3A2AB6CE5E77F3984C319E /* Debug */ = {
			isa = XCBuildConfiguration;
			buildSettings = {
				ALWAYS_SEARCH_USER_PATHS = NO;
				CLANG_ANALYZER_NONNULL = YES;
				CLANG_ANALYZER_NUMBER_OBJECT_CONVERSION = YES_AGGRESSIVE;
				CLANG_CXX_LANGUAGE_STANDARD = "gnu++14";
				CLANG_CXX_LIBRARY = "libc++";
				CLANG_ENABLE_MODULES = YES;
				CLANG_ENABLE_OBJC_ARC = YES;
				CLANG_ENABLE_OBJC_WEAK = YES;
				CLANG_WARN_BLOCK_CAPTURE_AUTORELEASING = YES;
				CLANG_WARN_BOOL_CONVERSION = YES;
				CLANG_WARN_COMMA = YES;
				CLANG_WARN_CONSTANT_CONVERSION = YES;
				CLANG_WARN_DEPRECATED_OBJC_IMPLEMENTATIONS = YES;
				CLANG_WARN_DIRECT_OBJC_ISA_USAGE = YES_ERROR;
				CLANG_WARN_DOCUMENTATION_COMMENTS = YES;
				CLANG_WARN_EMPTY_BODY = YES;
				CLANG_WARN_ENUM_CONVERSION = YES;
				CLANG_WARN_INFINITE_RECURSION = YES;
				CLANG_WARN_INT_CONVERSION = YES;
				CLANG_WARN_NON_LITERAL_NULL_CONVERSION = YES;
				CLANG_WARN_OBJC_IMPLICIT_RETAIN_SELF = YES;
				CLANG_WARN_OBJC_LITERAL_CONVERSION = YES;
				CLANG_WARN_OBJC_ROOT_CLASS = YES_ERROR;
				CLANG_WARN_QUOTED_INCLUDE_IN_FRAMEWORK_HEADER = YES;
				CLANG_WARN_RANGE_LOOP_ANALYSIS = YES;
				CLANG_WARN_STRICT_PROTOTYPES = YES;
				CLANG_WARN_SUSPICIOUS_MOVE = YES;
				CLANG_WARN_UNGUARDED_AVAILABILITY = YES_AGGRESSIVE;
				CLANG_WARN_UNREACHABLE_CODE = YES;
				CLANG_WARN__DUPLICATE_METHOD_MATCH = YES;
				COPY_PHASE_STRIP = NO;
				DEBUG_INFORMATION_FORMAT = dwarf;
				ENABLE_STRICT_OBJC_MSGSEND = YES;
				ENABLE_TESTABILITY = YES;
				GCC_C_LANGUAGE_STANDARD = gnu11;
				GCC_DYNAMIC_NO_PIC = NO;
				GCC_NO_COMMON_BLOCKS = YES;
				GCC_OPTIMIZATION_LEVEL = 0;
				GCC_PREPROCESSOR_DEFINITIONS = (
					"$(inherited)",
					"DEBUG=1",
				);
				GCC_TREAT_WARNINGS_AS_ERRORS = YES;
				GCC_WARN_64_TO_32_BIT_CONVERSION = YES;
				GCC_WARN_ABOUT_RETURN_TYPE = YES_ERROR;
				GCC_WARN_UNDECLARED_SELECTOR = YES;
				GCC_WARN_UNINITIALIZED_AUTOS = YES_AGGRESSIVE;
				GCC_WARN_UNUSED_FUNCTION = YES;
				GCC_WARN_UNUSED_VARIABLE = YES;
				LINUX_UAPI_ARCH = arm64;
				LINUX_UAPI_INCLUDE_ROOT = "$(LINUX_UAPI_ROOT)/include";
				LINUX_UAPI_ROOT = "$(LINUX_UAPI_VENDOR_ROOT)/$(LINUX_UAPI_VERSION)/$(LINUX_UAPI_ARCH)";
				LINUX_UAPI_VENDOR_ROOT = "$(SRCROOT)/third_party/linux-uapi";
				LINUX_UAPI_VERSION = 6.12;
				MTL_ENABLE_DEBUG_INFO = INCLUDE_SOURCE;
				MTL_FAST_MATH = YES;
				ONLY_ACTIVE_ARCH = YES;
				PRODUCT_NAME = "$(TARGET_NAME)";
				SDKROOT = iphoneos;
				SWIFT_ACTIVE_COMPILATION_CONDITIONS = DEBUG;
				SWIFT_OPTIMIZATION_LEVEL = "-Onone";
				SWIFT_TREAT_WARNINGS_AS_ERRORS = YES;
				SWIFT_VERSION = 5.0;
			};
			name = Debug;
		};
		E0504F751EA3D2AED9988C4A /* Debug */ = {
			isa = XCBuildConfiguration;
			buildSettings = {
				BUNDLE_LOADER = "";
				GENERATE_INFOPLIST_FILE = YES;
				HEADER_SEARCH_PATHS = (
					"$(LINUX_UAPI_INCLUDE_ROOT)",
					"$(SRCROOT)/include",
					"$(SRCROOT)",
				);
				LD_RUNPATH_SEARCH_PATHS = (
					"$(inherited)",
					"@executable_path/Frameworks",
					"@loader_path/Frameworks",
				);
				OTHER_LDFLAGS = (
					"$(inherited)",
					"-ObjC",
				);
				SDKROOT = iphoneos;
				TARGETED_DEVICE_FAMILY = "1,2";
			};
			name = Debug;
		};
/* End XCBuildConfiguration section */

/* Begin XCConfigurationList section */
		2F4CB6EAA29F69C9F3FE2CB9 /* Build configuration list for PBXNativeTarget "IXLandSystem" */ = {
			isa = XCConfigurationList;
			buildConfigurations = (
				D84B55AF4BD333D1E4CBCFFB /* Debug */,
				15FD8CEE5DF62E2C1AA411C7 /* Release */,
			);
			defaultConfigurationIsVisible = 0;
			defaultConfigurationName = Debug;
		};
		7405FF56E9DC91265694966A /* Build configuration list for PBXProject "IXLandSystem" */ = {
			isa = XCConfigurationList;
			buildConfigurations = (
				DC3A2AB6CE5E77F3984C319E /* Debug */,
				28B5D5F38CCFAC1208E671A1 /* Release */,
			);
			defaultConfigurationIsVisible = 0;
			defaultConfigurationName = Debug;
		};
		FC4877AB9AB34AB7AF0E5779 /* Build configuration list for PBXNativeTarget "IXLandSystemTests" */ = {
			isa = XCConfigurationList;
			buildConfigurations = (
				E0504F751EA3D2AED9988C4A /* Debug */,
				871FC3A2F0E252AA74B0FF39 /* Release */,
			);
			defaultConfigurationIsVisible = 0;
			defaultConfigurationName = Debug;
		};
/* End XCConfigurationList section */
	};
	rootObject = 12D2D3AB997ABD7C800C24E4 /* Project object */;
}
