// !$*UTF8*$!
{
	archiveVersion = 1;
	classes = {
	};
	objectVersion = 77;
	objects = {

/* Begin PBXBuildFile section */
		01385EB83B4E4FE888C6810E /* test_wait.c in Sources */ = {isa = PBXBuildFile; fileRef = E4D7BB259B53EE4852FA4F99 /* test_wait.c */; };
		03546A15F1A189A7F8418CFD /* mount.c in Sources */ = {isa = PBXBuildFile; fileRef = C741BE27F9BDB9CD9023EF4F /* mount.c */; };
		0BF178D86A3C666E8174EFB1 /* exit.c in Sources */ = {isa = PBXBuildFile; fileRef = 5885A2D3F39790AAC62634D5 /* exit.c */; };
		0DA87FB3A5B66FE04ED3B073 /* test_vfs_path.c in Sources */ = {isa = PBXBuildFile; fileRef = F4138650E69F9EDED3C567E4 /* test_vfs_path.c */; };
		10B126B95667913F860EF403 /* namei.c in Sources */ = {isa = PBXBuildFile; fileRef = C391F80635EE5296CE8C8466 /* namei.c */; };
		1731B5BD3436231103170087 /* test_task_lifecycle.c in Sources */ = {isa = PBXBuildFile; fileRef = ED63B4B5D943637277A38674 /* test_task_lifecycle.c */; };
		17569519F7B7B56C5572BED6 /* path.c in Sources */ = {isa = PBXBuildFile; fileRef = 51D066274EE2D55E90787D9C /* path.c */; };
		19C9236C14D3DD80B1FA553B /* select.c in Sources */ = {isa = PBXBuildFile; fileRef = 202C15163042BB3901974368 /* select.c */; };
		23F96E17A5FB5F9FF02C47D1 /* ioctl.c in Sources */ = {isa = PBXBuildFile; fileRef = 43308FAA8FF808B4BF22777C /* ioctl.c */; };
		25B7514ADFA7F88EFA74CB59 /* test_cross_integration_headers.c in Sources */ = {isa = PBXBuildFile; fileRef = 3464A7E3CEFE535A34052A1D /* test_cross_integration_headers.c */; };
		26BCD8F9FE711EEC7EAFA378 /* test_process_lifecycle.c in Sources */ = {isa = PBXBuildFile; fileRef = B5FB4F6F97D4F2ED319D375D /* test_process_lifecycle.c */; };
		29E1C2D21F213D5B2A063AFF /* ixland_observability.c in Sources */ = {isa = PBXBuildFile; fileRef = 666A5EE8B497170CF5C3223A /* ixland_observability.c */; };
		3655BF1DA2D2D3DA3FAF986A /* time.c in Sources */ = {isa = PBXBuildFile; fileRef = F5240B1F3DC3BDF0ED535D3B /* time.c */; };
		4236449CA09DEF99D7578C43 /* test_zombie_process.c in Sources */ = {isa = PBXBuildFile; fileRef = 042AC8872A4CF26AECFD0693 /* test_zombie_process.c */; };
		5773870A2156F8B6827EB2D5 /* network.c in Sources */ = {isa = PBXBuildFile; fileRef = CEC04AD14B572B960464124B /* network.c */; };
		578C4CB3E1760634134B9781 /* signal.c in Sources */ = {isa = PBXBuildFile; fileRef = 9935787E313CB1AD8A576244 /* signal.c */; };
		586F3641CE2CB13F63E94338 /* readdir.c in Sources */ = {isa = PBXBuildFile; fileRef = FE42C3F5F46C53309E18B1A6 /* readdir.c */; };
		58BB480674D62F4FEF77C217 /* random.c in Sources */ = {isa = PBXBuildFile; fileRef = 8BE7B6DDA1A833FE4A6C9194 /* random.c */; };
		59569118507BE08C500B612A /* libIXLandSystem.a in Frameworks */ = {isa = PBXBuildFile; fileRef = 5E96E95F0B83F5CC63E21913 /* libIXLandSystem.a */; };
		5B16289DBA72694756559233 /* registry.c in Sources */ = {isa = PBXBuildFile; fileRef = F4E2215C61CCAEFB06DDB4FC /* registry.c */; };
		5C2D26EAA916B6D9060B278B /* exec.c in Sources */ = {isa = PBXBuildFile; fileRef = F2D8077FB1F274E58E85378C /* exec.c */; };
		5FBE8002906AF6F9F4EEE11E /* test_poll_syscalls.c in Sources */ = {isa = PBXBuildFile; fileRef = A3673B2C973C4DFA38D2748E /* test_poll_syscalls.c */; };
		6B365831A4B17F03AE598CFF /* sys.c in Sources */ = {isa = PBXBuildFile; fileRef = CE4E5039272874EE6A5FFD11 /* sys.c */; };
		6DCCC30A9E2767FEAA8316D2 /* vfs.c in Sources */ = {isa = PBXBuildFile; fileRef = CC8A063128CC02CB6B938762 /* vfs.c */; };
		7426F86259736C18FDAB7F0B /* test_pid.c in Sources */ = {isa = PBXBuildFile; fileRef = E1AFCB9AAD6CC977D9896792 /* test_pid.c */; };
		79618F2FA8335DFFB36D8EF5 /* super.c in Sources */ = {isa = PBXBuildFile; fileRef = 2117B106A13B76478FE5B3A1 /* super.c */; };
		8A81463107C3BC70B06B76A2 /* cred.c in Sources */ = {isa = PBXBuildFile; fileRef = 52402BAA17F7390A34354EB6 /* cred.c */; };
		8EE185B4AA49F73A956166E3 /* syscalls_adapter.c in Sources */ = {isa = PBXBuildFile; fileRef = F8B66E92DB2ED2E4D1569223 /* syscalls_adapter.c */; };
		92F197F28B8A006699CF4DF4 /* task.c in Sources */ = {isa = PBXBuildFile; fileRef = 1196E0E046C9D8486908FEF8 /* task.c */; };
		9A2C21EED84E1377AE7C7C7B /* test_signal_process.c in Sources */ = {isa = PBXBuildFile; fileRef = 8C225B60B9543A92FFE7F7EC /* test_signal_process.c */; };
		9F514956A3C3161C5CC61226 /* wait.c in Sources */ = {isa = PBXBuildFile; fileRef = 270F37A8D2223DAAD1C7A498 /* wait.c */; };
		9FB855340C8816E1983BB087 /* fork.c in Sources */ = {isa = PBXBuildFile; fileRef = 384371EDE185511D5F125C45 /* fork.c */; };
		A9E8B37D1C8F8339644BEB0A /* test_signal_pending.c in Sources */ = {isa = PBXBuildFile; fileRef = FCC6A89BF89000811B27B425 /* test_signal_pending.c */; };
		AC68F6A9576024FA180169A3 /* resource.c in Sources */ = {isa = PBXBuildFile; fileRef = 22ED4B4B7E8FD0A20DF3C3C5 /* resource.c */; };
		AD13E3C4523D2283065322EA /* test_tty.c in Sources */ = {isa = PBXBuildFile; fileRef = 12F438CA2B0B96B25110E0FD /* test_tty.c */; };
		AEAB38B6EC299D3B7151819C /* init.c in Sources */ = {isa = PBXBuildFile; fileRef = F2D024F0973242458FE50E93 /* init.c */; };
		B0F5FA937309D1FAE3B09688 /* test_fdtable.c in Sources */ = {isa = PBXBuildFile; fileRef = 48D0A8411C6F5C20CF291972 /* test_fdtable.c */; };
		B6F164E122E68EC86BF1A24F /* test_basic.c in Sources */ = {isa = PBXBuildFile; fileRef = FE946353D659F94C952EC745 /* test_basic.c */; };
		B703299D79C3E0410F45B651 /* stat.c in Sources */ = {isa = PBXBuildFile; fileRef = DB47AFBCA86B478A6F48BAE6 /* stat.c */; };
		BA1117E38FD3556D1E018B89 /* test_directory_syscalls.c in Sources */ = {isa = PBXBuildFile; fileRef = D1A16AEEF8B595E836D8D519 /* test_directory_syscalls.c */; };
		BAAD4F72E6370104205C3F1B /* test_file_syscalls.c in Sources */ = {isa = PBXBuildFile; fileRef = 1FA19D048ACA469F5E51787B /* test_file_syscalls.c */; };
		BB09F192BB7CC77606170FCB /* test_task_alloc_thread_safety.c in Sources */ = {isa = PBXBuildFile; fileRef = 2D2A38C0F3DF670CED0F6C38 /* test_task_alloc_thread_safety.c */; };
		BEC5162482C2CB89CBFBAA61 /* fdtable.c in Sources */ = {isa = PBXBuildFile; fileRef = 32C8785EC40C73B387D6237A /* fdtable.c */; };
		C4EB75804B7F62026355C226 /* eventpoll.c in Sources */ = {isa = PBXBuildFile; fileRef = D46E9099D1DEF53E9F6D3C41 /* eventpoll.c */; };
		C6EB2513E0C4613E0C044957 /* test_process_real.c in Sources */ = {isa = PBXBuildFile; fileRef = E9AA4C13A66EBE03A1FAD68E /* test_process_real.c */; };
		C94B7C2C38851F58E07AE89D /* test_hello.c in Sources */ = {isa = PBXBuildFile; fileRef = CD75CCF4154C400592A1E247 /* test_hello.c */; };
		CABBE0F9F7AB329F34E5E2AF /* open.c in Sources */ = {isa = PBXBuildFile; fileRef = 4E3BBA7476909DE92B9A8F8D /* open.c */; };
		CDA5221307C5F79D6D256C38 /* test_process_relationships.c in Sources */ = {isa = PBXBuildFile; fileRef = E2289691EE77745C7E3D6A80 /* test_process_relationships.c */; };
		D01F8EE6B1FF4C363A19D2AF /* inode.c in Sources */ = {isa = PBXBuildFile; fileRef = C0A71140476601A06FC988D7 /* inode.c */; };
		D9E9A4ADF886F41734FE3DF1 /* fcntl.c in Sources */ = {isa = PBXBuildFile; fileRef = 177E646BFF798AE08CBEE284 /* fcntl.c */; };
		DB4032DFB1EE141DD66CCA6E /* test_identity_syscalls.c in Sources */ = {isa = PBXBuildFile; fileRef = 565966A3E0CFB5D1F4A20FE3 /* test_identity_syscalls.c */; };
		DB73AFDEA30A5772B2CC511E /* test_cross_signals.c in Sources */ = {isa = PBXBuildFile; fileRef = 0DA0CD54079B7D90727922D0 /* test_cross_signals.c */; };
		E3F6FA621A0AA01A266094CE /* test_orphan_adoption.c in Sources */ = {isa = PBXBuildFile; fileRef = 4AE1318321FC6CD96D239797 /* test_orphan_adoption.c */; };
		E423985290C8B147D01CF3DC /* test_fork.c in Sources */ = {isa = PBXBuildFile; fileRef = 0640F943428AE69A68678297 /* test_fork.c */; };
		E48B8CCAE1CBE2334B10B819 /* read_write.c in Sources */ = {isa = PBXBuildFile; fileRef = D979F989EC0D2FF286D59733 /* read_write.c */; };
		E6EBC6D734546A272FB292D1 /* pid.c in Sources */ = {isa = PBXBuildFile; fileRef = 4D57509F341C9895C6F7163B /* pid.c */; };
		F180418EA264D16E21E7167C /* test_signal.c in Sources */ = {isa = PBXBuildFile; fileRef = 3B89DE3413A325A3AECAA55A /* test_signal.c */; };
		F254A8C266D10CF74271F092 /* test_exec.c in Sources */ = {isa = PBXBuildFile; fileRef = 2BBC1E5001566FD0C0C93B41 /* test_exec.c */; };
		F544C3C734C84BCAC8965BB1 /* test_simple.c in Sources */ = {isa = PBXBuildFile; fileRef = 13782F92048EB8DCFA21AB7F /* test_simple.c */; };
		FEB562B2A83F321C62E124E0 /* test_pgrp_session.c in Sources */ = {isa = PBXBuildFile; fileRef = 462FD9BAE352DE4E1F562674 /* test_pgrp_session.c */; };
		FFE759728F7B2EC121F2D215 /* sync.c in Sources */ = {isa = PBXBuildFile; fileRef = 5D494D6F83176E636A70E6FF /* sync.c */; };
/* End PBXBuildFile section */

/* Begin PBXContainerItemProxy section */
		94A9CD3554679B78F387ACD8 /* PBXContainerItemProxy */ = {
			isa = PBXContainerItemProxy;
			containerPortal = 12D2D3AB997ABD7C800C24E4 /* Project object */;
			proxyType = 1;
			remoteGlobalIDString = C26651269CFE27B76EFA7EB2;
			remoteInfo = IXLandSystem;
		};
/* End PBXContainerItemProxy section */

/* Begin PBXFileReference section */
		042AC8872A4CF26AECFD0693 /* test_zombie_process.c */ = {isa = PBXFileReference; lastKnownFileType = sourcecode.c.c; path = test_zombie_process.c; sourceTree = "<group>"; };
		0640F943428AE69A68678297 /* test_fork.c */ = {isa = PBXFileReference; lastKnownFileType = sourcecode.c.c; path = test_fork.c; sourceTree = "<group>"; };
		0DA0CD54079B7D90727922D0 /* test_cross_signals.c */ = {isa = PBXFileReference; lastKnownFileType = sourcecode.c.c; path = test_cross_signals.c; sourceTree = "<group>"; };
		1196E0E046C9D8486908FEF8 /* task.c */ = {isa = PBXFileReference; lastKnownFileType = sourcecode.c.c; path = task.c; sourceTree = "<group>"; };
		12F438CA2B0B96B25110E0FD /* test_tty.c */ = {isa = PBXFileReference; lastKnownFileType = sourcecode.c.c; path = test_tty.c; sourceTree = "<group>"; };
		13782F92048EB8DCFA21AB7F /* test_simple.c */ = {isa = PBXFileReference; lastKnownFileType = sourcecode.c.c; path = test_simple.c; sourceTree = "<group>"; };
		177E646BFF798AE08CBEE284 /* fcntl.c */ = {isa = PBXFileReference; lastKnownFileType = sourcecode.c.c; path = fcntl.c; sourceTree = "<group>"; };
		1FA19D048ACA469F5E51787B /* test_file_syscalls.c */ = {isa = PBXFileReference; lastKnownFileType = sourcecode.c.c; path = test_file_syscalls.c; sourceTree = "<group>"; };
		202C15163042BB3901974368 /* select.c */ = {isa = PBXFileReference; lastKnownFileType = sourcecode.c.c; path = select.c; sourceTree = "<group>"; };
		2117B106A13B76478FE5B3A1 /* super.c */ = {isa = PBXFileReference; lastKnownFileType = sourcecode.c.c; path = super.c; sourceTree = "<group>"; };
		22ED4B4B7E8FD0A20DF3C3C5 /* resource.c */ = {isa = PBXFileReference; lastKnownFileType = sourcecode.c.c; path = resource.c; sourceTree = "<group>"; };
		270F37A8D2223DAAD1C7A498 /* wait.c */ = {isa = PBXFileReference; lastKnownFileType = sourcecode.c.c; path = wait.c; sourceTree = "<group>"; };
		2BBC1E5001566FD0C0C93B41 /* test_exec.c */ = {isa = PBXFileReference; lastKnownFileType = sourcecode.c.c; path = test_exec.c; sourceTree = "<group>"; };
		2D2A38C0F3DF670CED0F6C38 /* test_task_alloc_thread_safety.c */ = {isa = PBXFileReference; lastKnownFileType = sourcecode.c.c; path = test_task_alloc_thread_safety.c; sourceTree = "<group>"; };
		32C8785EC40C73B387D6237A /* fdtable.c */ = {isa = PBXFileReference; lastKnownFileType = sourcecode.c.c; path = fdtable.c; sourceTree = "<group>"; };
		3464A7E3CEFE535A34052A1D /* test_cross_integration_headers.c */ = {isa = PBXFileReference; lastKnownFileType = sourcecode.c.c; path = test_cross_integration_headers.c; sourceTree = "<group>"; };
		384371EDE185511D5F125C45 /* fork.c */ = {isa = PBXFileReference; lastKnownFileType = sourcecode.c.c; path = fork.c; sourceTree = "<group>"; };
		3B89DE3413A325A3AECAA55A /* test_signal.c */ = {isa = PBXFileReference; lastKnownFileType = sourcecode.c.c; path = test_signal.c; sourceTree = "<group>"; };
		43308FAA8FF808B4BF22777C /* ioctl.c */ = {isa = PBXFileReference; lastKnownFileType = sourcecode.c.c; path = ioctl.c; sourceTree = "<group>"; };
		462FD9BAE352DE4E1F562674 /* test_pgrp_session.c */ = {isa = PBXFileReference; lastKnownFileType = sourcecode.c.c; path = test_pgrp_session.c; sourceTree = "<group>"; };
		48D0A8411C6F5C20CF291972 /* test_fdtable.c */ = {isa = PBXFileReference; lastKnownFileType = sourcecode.c.c; path = test_fdtable.c; sourceTree = "<group>"; };
		4AE1318321FC6CD96D239797 /* test_orphan_adoption.c */ = {isa = PBXFileReference; lastKnownFileType = sourcecode.c.c; path = test_orphan_adoption.c; sourceTree = "<group>"; };
		4D57509F341C9895C6F7163B /* pid.c */ = {isa = PBXFileReference; lastKnownFileType = sourcecode.c.c; path = pid.c; sourceTree = "<group>"; };
		4E3BBA7476909DE92B9A8F8D /* open.c */ = {isa = PBXFileReference; lastKnownFileType = sourcecode.c.c; path = open.c; sourceTree = "<group>"; };
		51D066274EE2D55E90787D9C /* path.c */ = {isa = PBXFileReference; lastKnownFileType = sourcecode.c.c; path = path.c; sourceTree = "<group>"; };
		52402BAA17F7390A34354EB6 /* cred.c */ = {isa = PBXFileReference; lastKnownFileType = sourcecode.c.c; path = cred.c; sourceTree = "<group>"; };
		565966A3E0CFB5D1F4A20FE3 /* test_identity_syscalls.c */ = {isa = PBXFileReference; lastKnownFileType = sourcecode.c.c; path = test_identity_syscalls.c; sourceTree = "<group>"; };
		5885A2D3F39790AAC62634D5 /* exit.c */ = {isa = PBXFileReference; lastKnownFileType = sourcecode.c.c; path = exit.c; sourceTree = "<group>"; };
		5D494D6F83176E636A70E6FF /* sync.c */ = {isa = PBXFileReference; lastKnownFileType = sourcecode.c.c; path = sync.c; sourceTree = "<group>"; };
		5E96E95F0B83F5CC63E21913 /* libIXLandSystem.a */ = {isa = PBXFileReference; includeInIndex = 0; lastKnownFileType = archive.ar; path = libIXLandSystem.a; sourceTree = BUILT_PRODUCTS_DIR; };
		666A5EE8B497170CF5C3223A /* ixland_observability.c */ = {isa = PBXFileReference; lastKnownFileType = sourcecode.c.c; path = ixland_observability.c; sourceTree = "<group>"; };
		6B4BAC7DF63019526114D741 /* IXLandSystemTests.xctest */ = {isa = PBXFileReference; includeInIndex = 0; lastKnownFileType = wrapper.cfbundle; path = IXLandSystemTests.xctest; sourceTree = BUILT_PRODUCTS_DIR; };
		8BE7B6DDA1A833FE4A6C9194 /* random.c */ = {isa = PBXFileReference; lastKnownFileType = sourcecode.c.c; path = random.c; sourceTree = "<group>"; };
		8C225B60B9543A92FFE7F7EC /* test_signal_process.c */ = {isa = PBXFileReference; lastKnownFileType = sourcecode.c.c; path = test_signal_process.c; sourceTree = "<group>"; };
		9935787E313CB1AD8A576244 /* signal.c */ = {isa = PBXFileReference; lastKnownFileType = sourcecode.c.c; path = signal.c; sourceTree = "<group>"; };
		A3673B2C973C4DFA38D2748E /* test_poll_syscalls.c */ = {isa = PBXFileReference; lastKnownFileType = sourcecode.c.c; path = test_poll_syscalls.c; sourceTree = "<group>"; };
		B5FB4F6F97D4F2ED319D375D /* test_process_lifecycle.c */ = {isa = PBXFileReference; lastKnownFileType = sourcecode.c.c; path = test_process_lifecycle.c; sourceTree = "<group>"; };
		C0A71140476601A06FC988D7 /* inode.c */ = {isa = PBXFileReference; lastKnownFileType = sourcecode.c.c; path = inode.c; sourceTree = "<group>"; };
		C391F80635EE5296CE8C8466 /* namei.c */ = {isa = PBXFileReference; lastKnownFileType = sourcecode.c.c; path = namei.c; sourceTree = "<group>"; };
		C741BE27F9BDB9CD9023EF4F /* mount.c */ = {isa = PBXFileReference; lastKnownFileType = sourcecode.c.c; path = mount.c; sourceTree = "<group>"; };
		CC8A063128CC02CB6B938762 /* vfs.c */ = {isa = PBXFileReference; lastKnownFileType = sourcecode.c.c; path = vfs.c; sourceTree = "<group>"; };
		CD75CCF4154C400592A1E247 /* test_hello.c */ = {isa = PBXFileReference; lastKnownFileType = sourcecode.c.c; path = test_hello.c; sourceTree = "<group>"; };
		CE4E5039272874EE6A5FFD11 /* sys.c */ = {isa = PBXFileReference; lastKnownFileType = sourcecode.c.c; path = sys.c; sourceTree = "<group>"; };
		CEC04AD14B572B960464124B /* network.c */ = {isa = PBXFileReference; lastKnownFileType = sourcecode.c.c; path = network.c; sourceTree = "<group>"; };
		D1A16AEEF8B595E836D8D519 /* test_directory_syscalls.c */ = {isa = PBXFileReference; lastKnownFileType = sourcecode.c.c; path = test_directory_syscalls.c; sourceTree = "<group>"; };
		D46E9099D1DEF53E9F6D3C41 /* eventpoll.c */ = {isa = PBXFileReference; lastKnownFileType = sourcecode.c.c; path = eventpoll.c; sourceTree = "<group>"; };
		D979F989EC0D2FF286D59733 /* read_write.c */ = {isa = PBXFileReference; lastKnownFileType = sourcecode.c.c; path = read_write.c; sourceTree = "<group>"; };
		DB47AFBCA86B478A6F48BAE6 /* stat.c */ = {isa = PBXFileReference; lastKnownFileType = sourcecode.c.c; path = stat.c; sourceTree = "<group>"; };
		E1AFCB9AAD6CC977D9896792 /* test_pid.c */ = {isa = PBXFileReference; lastKnownFileType = sourcecode.c.c; path = test_pid.c; sourceTree = "<group>"; };
		E2289691EE77745C7E3D6A80 /* test_process_relationships.c */ = {isa = PBXFileReference; lastKnownFileType = sourcecode.c.c; path = test_process_relationships.c; sourceTree = "<group>"; };
		E4D7BB259B53EE4852FA4F99 /* test_wait.c */ = {isa = PBXFileReference; lastKnownFileType = sourcecode.c.c; path = test_wait.c; sourceTree = "<group>"; };
		E9AA4C13A66EBE03A1FAD68E /* test_process_real.c */ = {isa = PBXFileReference; lastKnownFileType = sourcecode.c.c; path = test_process_real.c; sourceTree = "<group>"; };
		ED63B4B5D943637277A38674 /* test_task_lifecycle.c */ = {isa = PBXFileReference; lastKnownFileType = sourcecode.c.c; path = test_task_lifecycle.c; sourceTree = "<group>"; };
		F2D024F0973242458FE50E93 /* init.c */ = {isa = PBXFileReference; lastKnownFileType = sourcecode.c.c; path = init.c; sourceTree = "<group>"; };
		F2D8077FB1F274E58E85378C /* exec.c */ = {isa = PBXFileReference; lastKnownFileType = sourcecode.c.c; path = exec.c; sourceTree = "<group>"; };
		F4138650E69F9EDED3C567E4 /* test_vfs_path.c */ = {isa = PBXFileReference; lastKnownFileType = sourcecode.c.c; path = test_vfs_path.c; sourceTree = "<group>"; };
		F4E2215C61CCAEFB06DDB4FC /* registry.c */ = {isa = PBXFileReference; lastKnownFileType = sourcecode.c.c; path = registry.c; sourceTree = "<group>"; };
		F5240B1F3DC3BDF0ED535D3B /* time.c */ = {isa = PBXFileReference; lastKnownFileType = sourcecode.c.c; path = time.c; sourceTree = "<group>"; };
		F8B66E92DB2ED2E4D1569223 /* syscalls_adapter.c */ = {isa = PBXFileReference; lastKnownFileType = sourcecode.c.c; path = syscalls_adapter.c; sourceTree = "<group>"; };
		FCC6A89BF89000811B27B425 /* test_signal_pending.c */ = {isa = PBXFileReference; lastKnownFileType = sourcecode.c.c; path = test_signal_pending.c; sourceTree = "<group>"; };
		FE42C3F5F46C53309E18B1A6 /* readdir.c */ = {isa = PBXFileReference; lastKnownFileType = sourcecode.c.c; path = readdir.c; sourceTree = "<group>"; };
		FE946353D659F94C952EC745 /* test_basic.c */ = {isa = PBXFileReference; lastKnownFileType = sourcecode.c.c; path = test_basic.c; sourceTree = "<group>"; };
/* End PBXFileReference section */

/* Begin PBXFrameworksBuildPhase section */
		52E5AAAF2CDE0DF7A84392CB /* Frameworks */ = {
			isa = PBXFrameworksBuildPhase;
			buildActionMask = 2147483647;
			files = (
				59569118507BE08C500B612A /* libIXLandSystem.a in Frameworks */,
			);
			runOnlyForDeploymentPostprocessing = 0;
		};
/* End PBXFrameworksBuildPhase section */

/* Begin PBXGroup section */
		138EFB3277165F34A8C9DA96 /* Products */ = {
			isa = PBXGroup;
			children = (
				6B4BAC7DF63019526114D741 /* IXLandSystemTests.xctest */,
				5E96E95F0B83F5CC63E21913 /* libIXLandSystem.a */,
			);
			name = Products;
			sourceTree = "<group>";
		};
		24A0610FFD0A4375F30129DC /* native */ = {
			isa = PBXGroup;
			children = (
				F4E2215C61CCAEFB06DDB4FC /* registry.c */,
			);
			path = native;
			sourceTree = "<group>";
		};
		314EC764B9F768919129416A /* fs */ = {
			isa = PBXGroup;
			children = (
				D46E9099D1DEF53E9F6D3C41 /* eventpoll.c */,
				F2D8077FB1F274E58E85378C /* exec.c */,
				177E646BFF798AE08CBEE284 /* fcntl.c */,
				32C8785EC40C73B387D6237A /* fdtable.c */,
				C0A71140476601A06FC988D7 /* inode.c */,
				43308FAA8FF808B4BF22777C /* ioctl.c */,
				C741BE27F9BDB9CD9023EF4F /* mount.c */,
				C391F80635EE5296CE8C8466 /* namei.c */,
				4E3BBA7476909DE92B9A8F8D /* open.c */,
				51D066274EE2D55E90787D9C /* path.c */,
				D979F989EC0D2FF286D59733 /* read_write.c */,
				FE42C3F5F46C53309E18B1A6 /* readdir.c */,
				202C15163042BB3901974368 /* select.c */,
				DB47AFBCA86B478A6F48BAE6 /* stat.c */,
				2117B106A13B76478FE5B3A1 /* super.c */,
				CC8A063128CC02CB6B938762 /* vfs.c */,
			);
			path = fs;
			sourceTree = "<group>";
		};
		4B14438707DE5241F1ED4125 /* runtime */ = {
			isa = PBXGroup;
			children = (
				24A0610FFD0A4375F30129DC /* native */,
			);
			path = runtime;
			sourceTree = "<group>";
		};
		6A94CDCB0031F846B494F26D /* observability */ = {
			isa = PBXGroup;
			children = (
				666A5EE8B497170CF5C3223A /* ixland_observability.c */,
			);
			path = observability;
			sourceTree = "<group>";
		};
		E21B9721857276352C8EADE7 /* unit */ = {
			isa = PBXGroup;
			children = (
				FE946353D659F94C952EC745 /* test_basic.c */,
				3464A7E3CEFE535A34052A1D /* test_cross_integration_headers.c */,
				0DA0CD54079B7D90727922D0 /* test_cross_signals.c */,
				D1A16AEEF8B595E836D8D519 /* test_directory_syscalls.c */,
				2BBC1E5001566FD0C0C93B41 /* test_exec.c */,
				48D0A8411C6F5C20CF291972 /* test_fdtable.c */,
				1FA19D048ACA469F5E51787B /* test_file_syscalls.c */,
				0640F943428AE69A68678297 /* test_fork.c */,
				CD75CCF4154C400592A1E247 /* test_hello.c */,
				565966A3E0CFB5D1F4A20FE3 /* test_identity_syscalls.c */,
				4AE1318321FC6CD96D239797 /* test_orphan_adoption.c */,
				462FD9BAE352DE4E1F562674 /* test_pgrp_session.c */,
				E1AFCB9AAD6CC977D9896792 /* test_pid.c */,
				A3673B2C973C4DFA38D2748E /* test_poll_syscalls.c */,
				B5FB4F6F97D4F2ED319D375D /* test_process_lifecycle.c */,
				E9AA4C13A66EBE03A1FAD68E /* test_process_real.c */,
				E2289691EE77745C7E3D6A80 /* test_process_relationships.c */,
				FCC6A89BF89000811B27B425 /* test_signal_pending.c */,
				8C225B60B9543A92FFE7F7EC /* test_signal_process.c */,
				3B89DE3413A325A3AECAA55A /* test_signal.c */,
				13782F92048EB8DCFA21AB7F /* test_simple.c */,
				2D2A38C0F3DF670CED0F6C38 /* test_task_alloc_thread_safety.c */,
				ED63B4B5D943637277A38674 /* test_task_lifecycle.c */,
				12F438CA2B0B96B25110E0FD /* test_tty.c */,
				F4138650E69F9EDED3C567E4 /* test_vfs_path.c */,
				E4D7BB259B53EE4852FA4F99 /* test_wait.c */,
				042AC8872A4CF26AECFD0693 /* test_zombie_process.c */,
			);
			name = unit;
			path = Tests/unit;
			sourceTree = "<group>";
		};
		E67C142F833FE1F3645AE13C /* compat */ = {
			isa = PBXGroup;
			children = (
				F8B66E92DB2ED2E4D1569223 /* syscalls_adapter.c */,
			);
			path = compat;
			sourceTree = "<group>";
		};
		F20B53E8B2675567C7E843BC = {
			isa = PBXGroup;
			children = (
				E67C142F833FE1F3645AE13C /* compat */,
				314EC764B9F768919129416A /* fs */,
				F8CCC0A1730EF28F1B056A94 /* kernel */,
				6A94CDCB0031F846B494F26D /* observability */,
				4B14438707DE5241F1ED4125 /* runtime */,
				E21B9721857276352C8EADE7 /* unit */,
				138EFB3277165F34A8C9DA96 /* Products */,
			);
			sourceTree = "<group>";
		};
		F8290E2DDE1DDF71715AD5D7 /* net */ = {
			isa = PBXGroup;
			children = (
				CEC04AD14B572B960464124B /* network.c */,
			);
			path = net;
			sourceTree = "<group>";
		};
		F8CCC0A1730EF28F1B056A94 /* kernel */ = {
			isa = PBXGroup;
			children = (
				52402BAA17F7390A34354EB6 /* cred.c */,
				5885A2D3F39790AAC62634D5 /* exit.c */,
				384371EDE185511D5F125C45 /* fork.c */,
				F2D024F0973242458FE50E93 /* init.c */,
				4D57509F341C9895C6F7163B /* pid.c */,
				8BE7B6DDA1A833FE4A6C9194 /* random.c */,
				22ED4B4B7E8FD0A20DF3C3C5 /* resource.c */,
				9935787E313CB1AD8A576244 /* signal.c */,
				5D494D6F83176E636A70E6FF /* sync.c */,
				CE4E5039272874EE6A5FFD11 /* sys.c */,
				1196E0E046C9D8486908FEF8 /* task.c */,
				F5240B1F3DC3BDF0ED535D3B /* time.c */,
				270F37A8D2223DAAD1C7A498 /* wait.c */,
				F8290E2DDE1DDF71715AD5D7 /* net */,
			);
			path = kernel;
			sourceTree = "<group>";
		};
/* End PBXGroup section */

/* Begin PBXNativeTarget section */
		086555C039F1E70449247247 /* IXLandSystemTests */ = {
			isa = PBXNativeTarget;
			buildConfigurationList = FC4877AB9AB34AB7AF0E5779 /* Build configuration list for PBXNativeTarget "IXLandSystemTests" */;
			buildPhases = (
				EBAF11A402CD3FB83263B438 /* Sources */,
				52E5AAAF2CDE0DF7A84392CB /* Frameworks */,
			);
			buildRules = (
			);
			dependencies = (
				FC299EBAB21A567F411E4EBD /* PBXTargetDependency */,
			);
			name = IXLandSystemTests;
			packageProductDependencies = (
			);
			productName = IXLandSystemTests;
			productReference = 6B4BAC7DF63019526114D741 /* IXLandSystemTests.xctest */;
			productType = "com.apple.product-type.bundle.unit-test";
		};
		C26651269CFE27B76EFA7EB2 /* IXLandSystem */ = {
			isa = PBXNativeTarget;
			buildConfigurationList = 2F4CB6EAA29F69C9F3FE2CB9 /* Build configuration list for PBXNativeTarget "IXLandSystem" */;
			buildPhases = (
				A8D22F3976B023F7AF349CA6 /* Sources */,
			);
			buildRules = (
			);
			dependencies = (
			);
			name = IXLandSystem;
			packageProductDependencies = (
			);
			productName = IXLandSystem;
			productReference = 5E96E95F0B83F5CC63E21913 /* libIXLandSystem.a */;
			productType = "com.apple.product-type.library.static";
		};
/* End PBXNativeTarget section */

/* Begin PBXProject section */
		12D2D3AB997ABD7C800C24E4 /* Project object */ = {
			isa = PBXProject;
			attributes = {
				BuildIndependentTargetsInParallel = YES;
				LastUpgradeCheck = 1430;
				TargetAttributes = {
				};
			};
			buildConfigurationList = 7405FF56E9DC91265694966A /* Build configuration list for PBXProject "IXLandSystem" */;
			developmentRegion = en;
			hasScannedForEncodings = 0;
			knownRegions = (
				Base,
				en,
			);
			mainGroup = F20B53E8B2675567C7E843BC;
			minimizedProjectReferenceProxies = 1;
			preferredProjectObjectVersion = 77;
			productRefGroup = 138EFB3277165F34A8C9DA96 /* Products */;
			projectDirPath = "";
			projectRoot = "";
			targets = (
				C26651269CFE27B76EFA7EB2 /* IXLandSystem */,
				086555C039F1E70449247247 /* IXLandSystemTests */,
			);
		};
/* End PBXProject section */

/* Begin PBXSourcesBuildPhase section */
		A8D22F3976B023F7AF349CA6 /* Sources */ = {
			isa = PBXSourcesBuildPhase;
			buildActionMask = 2147483647;
			files = (
				8A81463107C3BC70B06B76A2 /* cred.c in Sources */,
				C4EB75804B7F62026355C226 /* eventpoll.c in Sources */,
				5C2D26EAA916B6D9060B278B /* exec.c in Sources */,
				0BF178D86A3C666E8174EFB1 /* exit.c in Sources */,
				D9E9A4ADF886F41734FE3DF1 /* fcntl.c in Sources */,
				BEC5162482C2CB89CBFBAA61 /* fdtable.c in Sources */,
				9FB855340C8816E1983BB087 /* fork.c in Sources */,
				AEAB38B6EC299D3B7151819C /* init.c in Sources */,
				D01F8EE6B1FF4C363A19D2AF /* inode.c in Sources */,
				23F96E17A5FB5F9FF02C47D1 /* ioctl.c in Sources */,
				29E1C2D21F213D5B2A063AFF /* ixland_observability.c in Sources */,
				03546A15F1A189A7F8418CFD /* mount.c in Sources */,
				10B126B95667913F860EF403 /* namei.c in Sources */,
				5773870A2156F8B6827EB2D5 /* network.c in Sources */,
				CABBE0F9F7AB329F34E5E2AF /* open.c in Sources */,
				17569519F7B7B56C5572BED6 /* path.c in Sources */,
				E6EBC6D734546A272FB292D1 /* pid.c in Sources */,
				58BB480674D62F4FEF77C217 /* random.c in Sources */,
				E48B8CCAE1CBE2334B10B819 /* read_write.c in Sources */,
				586F3641CE2CB13F63E94338 /* readdir.c in Sources */,
				5B16289DBA72694756559233 /* registry.c in Sources */,
				AC68F6A9576024FA180169A3 /* resource.c in Sources */,
				19C9236C14D3DD80B1FA553B /* select.c in Sources */,
				578C4CB3E1760634134B9781 /* signal.c in Sources */,
				B703299D79C3E0410F45B651 /* stat.c in Sources */,
				79618F2FA8335DFFB36D8EF5 /* super.c in Sources */,
				FFE759728F7B2EC121F2D215 /* sync.c in Sources */,
				6B365831A4B17F03AE598CFF /* sys.c in Sources */,
				8EE185B4AA49F73A956166E3 /* syscalls_adapter.c in Sources */,
				92F197F28B8A006699CF4DF4 /* task.c in Sources */,
				3655BF1DA2D2D3DA3FAF986A /* time.c in Sources */,
				6DCCC30A9E2767FEAA8316D2 /* vfs.c in Sources */,
				9F514956A3C3161C5CC61226 /* wait.c in Sources */,
			);
			runOnlyForDeploymentPostprocessing = 0;
		};
		EBAF11A402CD3FB83263B438 /* Sources */ = {
			isa = PBXSourcesBuildPhase;
			buildActionMask = 2147483647;
			files = (
				B6F164E122E68EC86BF1A24F /* test_basic.c in Sources */,
				25B7514ADFA7F88EFA74CB59 /* test_cross_integration_headers.c in Sources */,
				DB73AFDEA30A5772B2CC511E /* test_cross_signals.c in Sources */,
				BA1117E38FD3556D1E018B89 /* test_directory_syscalls.c in Sources */,
				F254A8C266D10CF74271F092 /* test_exec.c in Sources */,
				B0F5FA937309D1FAE3B09688 /* test_fdtable.c in Sources */,
				BAAD4F72E6370104205C3F1B /* test_file_syscalls.c in Sources */,
				E423985290C8B147D01CF3DC /* test_fork.c in Sources */,
				C94B7C2C38851F58E07AE89D /* test_hello.c in Sources */,
				DB4032DFB1EE141DD66CCA6E /* test_identity_syscalls.c in Sources */,
				E3F6FA621A0AA01A266094CE /* test_orphan_adoption.c in Sources */,
				FEB562B2A83F321C62E124E0 /* test_pgrp_session.c in Sources */,
				7426F86259736C18FDAB7F0B /* test_pid.c in Sources */,
				5FBE8002906AF6F9F4EEE11E /* test_poll_syscalls.c in Sources */,
				26BCD8F9FE711EEC7EAFA378 /* test_process_lifecycle.c in Sources */,
				C6EB2513E0C4613E0C044957 /* test_process_real.c in Sources */,
				CDA5221307C5F79D6D256C38 /* test_process_relationships.c in Sources */,
				F180418EA264D16E21E7167C /* test_signal.c in Sources */,
				A9E8B37D1C8F8339644BEB0A /* test_signal_pending.c in Sources */,
				9A2C21EED84E1377AE7C7C7B /* test_signal_process.c in Sources */,
				F544C3C734C84BCAC8965BB1 /* test_simple.c in Sources */,
				BB09F192BB7CC77606170FCB /* test_task_alloc_thread_safety.c in Sources */,
				1731B5BD3436231103170087 /* test_task_lifecycle.c in Sources */,
				AD13E3C4523D2283065322EA /* test_tty.c in Sources */,
				0DA87FB3A5B66FE04ED3B073 /* test_vfs_path.c in Sources */,
				01385EB83B4E4FE888C6810E /* test_wait.c in Sources */,
				4236449CA09DEF99D7578C43 /* test_zombie_process.c in Sources */,
			);
			runOnlyForDeploymentPostprocessing = 0;
		};
/* End PBXSourcesBuildPhase section */

/* Begin PBXTargetDependency section */
		FC299EBAB21A567F411E4EBD /* PBXTargetDependency */ = {
			isa = PBXTargetDependency;
			target = C26651269CFE27B76EFA7EB2 /* IXLandSystem */;
			targetProxy = 94A9CD3554679B78F387ACD8 /* PBXContainerItemProxy */;
		};
/* End PBXTargetDependency section */

/* Begin XCBuildConfiguration section */
		15FD8CEE5DF62E2C1AA411C7 /* Release */ = {
			isa = XCBuildConfiguration;
			buildSettings = {
				CLANG_ENABLE_OBJC_ARC = YES;
				CLANG_WARN_DOCUMENTATION_COMMENTS = YES;
				GCC_PREPROCESSOR_DEFINITIONS = (
					_XOPEN_SOURCE,
				);
				HEADER_SEARCH_PATHS = (
					"$(SRCROOT)/include",
					"$(SRCROOT)",
				);
				LD_RUNPATH_SEARCH_PATHS = (
					"$(inherited)",
					"@executable_path/Frameworks",
				);
				OTHER_CFLAGS = (
					"-fvisibility=hidden",
				);
				SDKROOT = iphoneos;
				SKIP_INSTALL = YES;
				TARGETED_DEVICE_FAMILY = "1,2";
			};
			name = Release;
		};
		28B5D5F38CCFAC1208E671A1 /* Release */ = {
			isa = XCBuildConfiguration;
			buildSettings = {
				ALWAYS_SEARCH_USER_PATHS = NO;
				CLANG_ANALYZER_NONNULL = YES;
				CLANG_ANALYZER_NUMBER_OBJECT_CONVERSION = YES_AGGRESSIVE;
				CLANG_CXX_LANGUAGE_STANDARD = "gnu++14";
				CLANG_CXX_LIBRARY = "libc++";
				CLANG_ENABLE_MODULES = YES;
				CLANG_ENABLE_OBJC_ARC = YES;
				CLANG_ENABLE_OBJC_WEAK = YES;
				CLANG_WARN_BLOCK_CAPTURE_AUTORELEASING = YES;
				CLANG_WARN_BOOL_CONVERSION = YES;
				CLANG_WARN_COMMA = YES;
				CLANG_WARN_CONSTANT_CONVERSION = YES;
				CLANG_WARN_DEPRECATED_OBJC_IMPLEMENTATIONS = YES;
				CLANG_WARN_DIRECT_OBJC_ISA_USAGE = YES_ERROR;
				CLANG_WARN_DOCUMENTATION_COMMENTS = YES;
				CLANG_WARN_EMPTY_BODY = YES;
				CLANG_WARN_ENUM_CONVERSION = YES;
				CLANG_WARN_INFINITE_RECURSION = YES;
				CLANG_WARN_INT_CONVERSION = YES;
				CLANG_WARN_NON_LITERAL_NULL_CONVERSION = YES;
				CLANG_WARN_OBJC_IMPLICIT_RETAIN_SELF = YES;
				CLANG_WARN_OBJC_LITERAL_CONVERSION = YES;
				CLANG_WARN_OBJC_ROOT_CLASS = YES_ERROR;
				CLANG_WARN_QUOTED_INCLUDE_IN_FRAMEWORK_HEADER = YES;
				CLANG_WARN_RANGE_LOOP_ANALYSIS = YES;
				CLANG_WARN_STRICT_PROTOTYPES = YES;
				CLANG_WARN_SUSPICIOUS_MOVE = YES;
				CLANG_WARN_UNGUARDED_AVAILABILITY = YES_AGGRESSIVE;
				CLANG_WARN_UNREACHABLE_CODE = YES;
				CLANG_WARN__DUPLICATE_METHOD_MATCH = YES;
				COPY_PHASE_STRIP = NO;
				DEBUG_INFORMATION_FORMAT = "dwarf-with-dsym";
				ENABLE_NS_ASSERTIONS = NO;
				ENABLE_STRICT_OBJC_MSGSEND = YES;
				GCC_C_LANGUAGE_STANDARD = gnu11;
				GCC_NO_COMMON_BLOCKS = YES;
				GCC_TREAT_WARNINGS_AS_ERRORS = YES;
				GCC_WARN_64_TO_32_BIT_CONVERSION = YES;
				GCC_WARN_ABOUT_RETURN_TYPE = YES_ERROR;
				GCC_WARN_UNDECLARED_SELECTOR = YES;
				GCC_WARN_UNINITIALIZED_AUTOS = YES_AGGRESSIVE;
				GCC_WARN_UNUSED_FUNCTION = YES;
				GCC_WARN_UNUSED_VARIABLE = YES;
				MTL_ENABLE_DEBUG_INFO = NO;
				MTL_FAST_MATH = YES;
				PRODUCT_NAME = "$(TARGET_NAME)";
				SDKROOT = iphoneos;
				SWIFT_COMPILATION_MODE = wholemodule;
				SWIFT_OPTIMIZATION_LEVEL = "-O";
				SWIFT_TREAT_WARNINGS_AS_ERRORS = YES;
				SWIFT_VERSION = 5.0;
			};
			name = Release;
		};
		871FC3A2F0E252AA74B0FF39 /* Release */ = {
			isa = XCBuildConfiguration;
			buildSettings = {
				BUNDLE_LOADER = "$(TEST_HOST)";
				GCC_PREPROCESSOR_DEFINITIONS = (
					_XOPEN_SOURCE,
				);
				HEADER_SEARCH_PATHS = (
					"$(SRCROOT)/include",
					"$(SRCROOT)",
				);
				LD_RUNPATH_SEARCH_PATHS = (
					"$(inherited)",
					"@executable_path/Frameworks",
					"@loader_path/Frameworks",
				);
				OTHER_LDFLAGS = (
					"$(inherited)",
					"-ObjC",
				);
				SDKROOT = iphoneos;
				TARGETED_DEVICE_FAMILY = "1,2";
			};
			name = Release;
		};
		D84B55AF4BD333D1E4CBCFFB /* Debug */ = {
			isa = XCBuildConfiguration;
			buildSettings = {
				CLANG_ENABLE_OBJC_ARC = YES;
				CLANG_WARN_DOCUMENTATION_COMMENTS = YES;
				GCC_PREPROCESSOR_DEFINITIONS = (
					_XOPEN_SOURCE,
				);
				HEADER_SEARCH_PATHS = (
					"$(SRCROOT)/include",
					"$(SRCROOT)",
				);
				LD_RUNPATH_SEARCH_PATHS = (
					"$(inherited)",
					"@executable_path/Frameworks",
				);
				OTHER_CFLAGS = (
					"-fvisibility=hidden",
				);
				SDKROOT = iphoneos;
				SKIP_INSTALL = YES;
				TARGETED_DEVICE_FAMILY = "1,2";
			};
			name = Debug;
		};
		DC3A2AB6CE5E77F3984C319E /* Debug */ = {
			isa = XCBuildConfiguration;
			buildSettings = {
				ALWAYS_SEARCH_USER_PATHS = NO;
				CLANG_ANALYZER_NONNULL = YES;
				CLANG_ANALYZER_NUMBER_OBJECT_CONVERSION = YES_AGGRESSIVE;
				CLANG_CXX_LANGUAGE_STANDARD = "gnu++14";
				CLANG_CXX_LIBRARY = "libc++";
				CLANG_ENABLE_MODULES = YES;
				CLANG_ENABLE_OBJC_ARC = YES;
				CLANG_ENABLE_OBJC_WEAK = YES;
				CLANG_WARN_BLOCK_CAPTURE_AUTORELEASING = YES;
				CLANG_WARN_BOOL_CONVERSION = YES;
				CLANG_WARN_COMMA = YES;
				CLANG_WARN_CONSTANT_CONVERSION = YES;
				CLANG_WARN_DEPRECATED_OBJC_IMPLEMENTATIONS = YES;
				CLANG_WARN_DIRECT_OBJC_ISA_USAGE = YES_ERROR;
				CLANG_WARN_DOCUMENTATION_COMMENTS = YES;
				CLANG_WARN_EMPTY_BODY = YES;
				CLANG_WARN_ENUM_CONVERSION = YES;
				CLANG_WARN_INFINITE_RECURSION = YES;
				CLANG_WARN_INT_CONVERSION = YES;
				CLANG_WARN_NON_LITERAL_NULL_CONVERSION = YES;
				CLANG_WARN_OBJC_IMPLICIT_RETAIN_SELF = YES;
				CLANG_WARN_OBJC_LITERAL_CONVERSION = YES;
				CLANG_WARN_OBJC_ROOT_CLASS = YES_ERROR;
				CLANG_WARN_QUOTED_INCLUDE_IN_FRAMEWORK_HEADER = YES;
				CLANG_WARN_RANGE_LOOP_ANALYSIS = YES;
				CLANG_WARN_STRICT_PROTOTYPES = YES;
				CLANG_WARN_SUSPICIOUS_MOVE = YES;
				CLANG_WARN_UNGUARDED_AVAILABILITY = YES_AGGRESSIVE;
				CLANG_WARN_UNREACHABLE_CODE = YES;
				CLANG_WARN__DUPLICATE_METHOD_MATCH = YES;
				COPY_PHASE_STRIP = NO;
				DEBUG_INFORMATION_FORMAT = dwarf;
				ENABLE_STRICT_OBJC_MSGSEND = YES;
				ENABLE_TESTABILITY = YES;
				GCC_C_LANGUAGE_STANDARD = gnu11;
				GCC_DYNAMIC_NO_PIC = NO;
				GCC_NO_COMMON_BLOCKS = YES;
				GCC_OPTIMIZATION_LEVEL = 0;
				GCC_PREPROCESSOR_DEFINITIONS = (
					"$(inherited)",
					"DEBUG=1",
				);
				GCC_TREAT_WARNINGS_AS_ERRORS = YES;
				GCC_WARN_64_TO_32_BIT_CONVERSION = YES;
				GCC_WARN_ABOUT_RETURN_TYPE = YES_ERROR;
				GCC_WARN_UNDECLARED_SELECTOR = YES;
				GCC_WARN_UNINITIALIZED_AUTOS = YES_AGGRESSIVE;
				GCC_WARN_UNUSED_FUNCTION = YES;
				GCC_WARN_UNUSED_VARIABLE = YES;
				MTL_ENABLE_DEBUG_INFO = INCLUDE_SOURCE;
				MTL_FAST_MATH = YES;
				ONLY_ACTIVE_ARCH = YES;
				PRODUCT_NAME = "$(TARGET_NAME)";
				SDKROOT = iphoneos;
				SWIFT_ACTIVE_COMPILATION_CONDITIONS = DEBUG;
				SWIFT_OPTIMIZATION_LEVEL = "-Onone";
				SWIFT_TREAT_WARNINGS_AS_ERRORS = YES;
				SWIFT_VERSION = 5.0;
			};
			name = Debug;
		};
		E0504F751EA3D2AED9988C4A /* Debug */ = {
			isa = XCBuildConfiguration;
			buildSettings = {
				BUNDLE_LOADER = "$(TEST_HOST)";
				GCC_PREPROCESSOR_DEFINITIONS = (
					_XOPEN_SOURCE,
				);
				HEADER_SEARCH_PATHS = (
					"$(SRCROOT)/include",
					"$(SRCROOT)",
				);
				LD_RUNPATH_SEARCH_PATHS = (
					"$(inherited)",
					"@executable_path/Frameworks",
					"@loader_path/Frameworks",
				);
				OTHER_LDFLAGS = (
					"$(inherited)",
					"-ObjC",
				);
				SDKROOT = iphoneos;
				TARGETED_DEVICE_FAMILY = "1,2";
			};
			name = Debug;
		};
/* End XCBuildConfiguration section */

/* Begin XCConfigurationList section */
		2F4CB6EAA29F69C9F3FE2CB9 /* Build configuration list for PBXNativeTarget "IXLandSystem" */ = {
			isa = XCConfigurationList;
			buildConfigurations = (
				D84B55AF4BD333D1E4CBCFFB /* Debug */,
				15FD8CEE5DF62E2C1AA411C7 /* Release */,
			);
			defaultConfigurationIsVisible = 0;
			defaultConfigurationName = Debug;
		};
		7405FF56E9DC91265694966A /* Build configuration list for PBXProject "IXLandSystem" */ = {
			isa = XCConfigurationList;
			buildConfigurations = (
				DC3A2AB6CE5E77F3984C319E /* Debug */,
				28B5D5F38CCFAC1208E671A1 /* Release */,
			);
			defaultConfigurationIsVisible = 0;
			defaultConfigurationName = Debug;
		};
		FC4877AB9AB34AB7AF0E5779 /* Build configuration list for PBXNativeTarget "IXLandSystemTests" */ = {
			isa = XCConfigurationList;
			buildConfigurations = (
				E0504F751EA3D2AED9988C4A /* Debug */,
				871FC3A2F0E252AA74B0FF39 /* Release */,
			);
			defaultConfigurationIsVisible = 0;
			defaultConfigurationName = Debug;
		};
/* End XCConfigurationList section */
	};
	rootObject = 12D2D3AB997ABD7C800C24E4 /* Project object */;
}
